
Microsoft Visual Studio Solution File, Format Version 12.00
# Visual Studio Version 17
VisualStudioVersion = 17.5.33414.496
MinimumVisualStudioVersion = 10.0.40219.1
Project("{2150E333-8FDC-42A3-9474-1A3956D46DE8}") = "src", "src", "{61741348-1150-4F5D-8EA2-6D63B40504AE}"
EndProject
Project("{2150E333-8FDC-42A3-9474-1A3956D46DE8}") = "Core", "Core", "{436200A4-6557-435C-B32E-C8C14B23C4D2}"
EndProject
Project("{2150E333-8FDC-42A3-9474-1A3956D46DE8}") = "Infrastructure", "Infrastructure", "{C6A00024-EB12-4043-9EE4-E08D40C7121A}"
EndProject
Project("{2150E333-8FDC-42A3-9474-1A3956D46DE8}") = "Presentation", "Presentation", "{594E1461-6E84-430B-8412-C29DFEB9500A}"
EndProject
Project("{9A19103F-16F7-4668-BE54-9A1E7A4F7556}") = "Domain", "src\Core\Domain\Domain.csproj", "{9B801AAB-D068-46ED-9BEB-2C5910051FE5}"
EndProject
Project("{9A19103F-16F7-4668-BE54-9A1E7A4F7556}") = "Persistence", "src\Infrastructure\Persistence\Persistence.csproj", "{7F11FB85-5338-4FA8-AF03-C352511A7803}"
EndProject
Project("{9A19103F-16F7-4668-BE54-9A1E7A4F7556}") = "Security", "src\Core\Security\Security.csproj", "{27144D63-D5A5-45A5-88F2-1A78735F71E5}"
EndProject
Project("{9A19103F-16F7-4668-BE54-9A1E7A4F7556}") = "Application", "src\Core\Application\Application.csproj", "{6DF9881E-20A0-44B2-9E2F-20039CF497AB}"
EndProject
Project("{9A19103F-16F7-4668-BE54-9A1E7A4F7556}") = "WebApp", "src\Presentation\WebApp\WebApp.csproj", "{7DC04B95-DDF8-4C60-AA0C-2E63557DB9A4}"
EndProject
Global
	GlobalSection(SolutionConfigurationPlatforms) = preSolution
		Debug|Any CPU = Debug|Any CPU
		Release|Any CPU = Release|Any CPU
	EndGlobalSection
	GlobalSection(ProjectConfigurationPlatforms) = postSolution
		{9B801AAB-D068-46ED-9BEB-2C5910051FE5}.Debug|Any CPU.ActiveCfg = Debug|Any CPU
		{9B801AAB-D068-46ED-9BEB-2C5910051FE5}.Debug|Any CPU.Build.0 = Debug|Any CPU
		{9B801AAB-D068-46ED-9BEB-2C5910051FE5}.Release|Any CPU.ActiveCfg = Release|Any CPU
		{9B801AAB-D068-46ED-9BEB-2C5910051FE5}.Release|Any CPU.Build.0 = Release|Any CPU
		{7F11FB85-5338-4FA8-AF03-C352511A7803}.Debug|Any CPU.ActiveCfg = Debug|Any CPU
		{7F11FB85-5338-4FA8-AF03-C352511A7803}.Debug|Any CPU.Build.0 = Debug|Any CPU
		{7F11FB85-5338-4FA8-AF03-C352511A7803}.Release|Any CPU.ActiveCfg = Release|Any CPU
		{7F11FB85-5338-4FA8-AF03-C352511A7803}.Release|Any CPU.Build.0 = Release|Any CPU
		{27144D63-D5A5-45A5-88F2-1A78735F71E5}.Debug|Any CPU.ActiveCfg = Debug|Any CPU
		{27144D63-D5A5-45A5-88F2-1A78735F71E5}.Debug|Any CPU.Build.0 = Debug|Any CPU
		{27144D63-D5A5-45A5-88F2-1A78735F71E5}.Release|Any CPU.ActiveCfg = Release|Any CPU
		{27144D63-D5A5-45A5-88F2-1A78735F71E5}.Release|Any CPU.Build.0 = Release|Any CPU
		{6DF9881E-20A0-44B2-9E2F-20039CF497AB}.Debug|Any CPU.ActiveCfg = Debug|Any CPU
		{6DF9881E-20A0-44B2-9E2F-20039CF497AB}.Debug|Any CPU.Build.0 = Debug|Any CPU
		{6DF9881E-20A0-44B2-9E2F-20039CF497AB}.Release|Any CPU.ActiveCfg = Release|Any CPU
		{6DF9881E-20A0-44B2-9E2F-20039CF497AB}.Release|Any CPU.Build.0 = Release|Any CPU
		{7DC04B95-DDF8-4C60-AA0C-2E63557DB9A4}.Debug|Any CPU.ActiveCfg = Debug|Any CPU
		{7DC04B95-DDF8-4C60-AA0C-2E63557DB9A4}.Debug|Any CPU.Build.0 = Debug|Any CPU
		{7DC04B95-DDF8-4C60-AA0C-2E63557DB9A4}.Release|Any CPU.ActiveCfg = Release|Any CPU
		{7DC04B95-DDF8-4C60-AA0C-2E63557DB9A4}.Release|Any CPU.Build.0 = Release|Any CPU
	EndGlobalSection
	GlobalSection(SolutionProperties) = preSolution
		HideSolutionNode = FALSE
	EndGlobalSection
	GlobalSection(NestedProjects) = preSolution
		{436200A4-6557-435C-B32E-C8C14B23C4D2} = {61741348-1150-4F5D-8EA2-6D63B40504AE}
		{C6A00024-EB12-4043-9EE4-E08D40C7121A} = {61741348-1150-4F5D-8EA2-6D63B40504AE}
		{594E1461-6E84-430B-8412-C29DFEB9500A} = {61741348-1150-4F5D-8EA2-6D63B40504AE}
		{9B801AAB-D068-46ED-9BEB-2C5910051FE5} = {436200A4-6557-435C-B32E-C8C14B23C4D2}
		{7F11FB85-5338-4FA8-AF03-C352511A7803} = {C6A00024-EB12-4043-9EE4-E08D40C7121A}
		{27144D63-D5A5-45A5-88F2-1A78735F71E5} = {436200A4-6557-435C-B32E-C8C14B23C4D2}
		{6DF9881E-20A0-44B2-9E2F-20039CF497AB} = {436200A4-6557-435C-B32E-C8C14B23C4D2}
		{7DC04B95-DDF8-4C60-AA0C-2E63557DB9A4} = {594E1461-6E84-430B-8412-C29DFEB9500A}
	EndGlobalSection
	GlobalSection(ExtensibilityGlobals) = postSolution
		SolutionGuid = {A9380863-32CD-45BA-8249-E53A269F7EC1}
	EndGlobalSection
EndGlobal
